
Microsoft Visual Studio Solution File, Format Version 12.00
# Visual Studio 15
VisualStudioVersion = 15.0.28307.902
MinimumVisualStudioVersion = 10.0.40219.1
Project("{FAE04EC0-301F-11D3-BF4B-00C04F79EFBC}") = "RealtorsOffice", "RealtorsOffice\RealtorsOffice.csproj", "{A94EE101-AC3F-4A06-9066-BFF02114F19F}"
EndProject
Global
	GlobalSection(SolutionConfigurationPlatforms) = preSolution
		Debug|Any CPU = Debug|Any CPU
		Release|Any CPU = Release|Any CPU
	EndGlobalSection
	GlobalSection(ProjectConfigurationPlatforms) = postSolution
		{A94EE101-AC3F-4A06-9066-BFF02114F19F}.Debug|Any CPU.ActiveCfg = Debug|Any CPU
		{A94EE101-AC3F-4A06-9066-BFF02114F19F}.Debug|Any CPU.Build.0 = Debug|Any CPU
		{A94EE101-AC3F-4A06-9066-BFF02114F19F}.Release|Any CPU.ActiveCfg = Release|Any CPU
		{A94EE101-AC3F-4A06-9066-BFF02114F19F}.Release|Any CPU.Build.0 = Release|Any CPU
	EndGlobalSection
	GlobalSection(SolutionProperties) = preSolution
		HideSolutionNode = FALSE
	EndGlobalSection
	GlobalSection(ExtensibilityGlobals) = postSolution
		SolutionGuid = {D9C5B758-1423-4B49-8077-2904619359A6}
	EndGlobalSection
EndGlobal
